
Microsoft Visual Studio Solution File, Format Version 12.00
# Visual Studio 15
VisualStudioVersion = 15.0.28307.271
MinimumVisualStudioVersion = 10.0.40219.1
Project("{FAE04EC0-301F-11D3-BF4B-00C04F79EFBC}") = "Breakout", "Breakout\Breakout.csproj", "{601E7654-2148-4613-B9A4-36CFF896963D}"
EndProject
Global
	GlobalSection(SolutionConfigurationPlatforms) = preSolution
		Debug|x86 = Debug|x86
		Release|x86 = Release|x86
	EndGlobalSection
	GlobalSection(ProjectConfigurationPlatforms) = postSolution
		{601E7654-2148-4613-B9A4-36CFF896963D}.Debug|x86.ActiveCfg = Debug|x86
		{601E7654-2148-4613-B9A4-36CFF896963D}.Debug|x86.Build.0 = Debug|x86
		{601E7654-2148-4613-B9A4-36CFF896963D}.Release|x86.ActiveCfg = Release|x86
		{601E7654-2148-4613-B9A4-36CFF896963D}.Release|x86.Build.0 = Release|x86
	EndGlobalSection
	GlobalSection(SolutionProperties) = preSolution
		HideSolutionNode = FALSE
	EndGlobalSection
	GlobalSection(ExtensibilityGlobals) = postSolution
		SolutionGuid = {32C52190-6374-4A4C-BDF3-8B83A8C5EA8C}
	EndGlobalSection
EndGlobal
